# This file is automatically @generated by Cargo.
# It is not intended for manual editing.
version = 3

[[package]]
name = "ab_glyph_rasterizer"
version = "0.1.8"
source = "registry+https://github.com/rust-lang/crates.io-index"
checksum = "c71b1793ee61086797f5c80b6efa2b8ffa6d5dd703f118545808a7f2e27f7046"

[[package]]
name = "addr2line"
version = "0.20.0"
source = "registry+https://github.com/rust-lang/crates.io-index"
checksum = "f4fa78e18c64fce05e902adecd7a5eed15a5e0a3439f7b0e169f0252214865e3"
dependencies = [
 "gimli",
]

[[package]]
name = "adler"
version = "1.0.2"
source = "registry+https://github.com/rust-lang/crates.io-index"
checksum = "f26201604c87b1e01bd3d98f8d5d9a8fcbb815e8cedb41ffccbeb4bf593a35fe"

[[package]]
name = "aho-corasick"
version = "1.0.2"
source = "registry+https://github.com/rust-lang/crates.io-index"
checksum = "43f6cb1bf222025340178f382c426f13757b2960e89779dfcb319c32542a5a41"
dependencies = [
 "memchr",
]

[[package]]
name = "arrayvec"
version = "0.5.2"
source = "registry+https://github.com/rust-lang/crates.io-index"
checksum = "23b62fc65de8e4e7f52534fb52b0f3ed04746ae267519eef2a83941e8085068b"

[[package]]
name = "atty"
version = "0.2.14"
source = "registry+https://github.com/rust-lang/crates.io-index"
checksum = "d9b39be18770d11421cdb1b9947a45dd3f37e93092cbf377614828a319d5fee8"
dependencies = [
 "hermit-abi",
 "libc",
 "winapi",
]

[[package]]
name = "backtrace"
version = "0.3.68"
source = "registry+https://github.com/rust-lang/crates.io-index"
checksum = "4319208da049c43661739c5fade2ba182f09d1dc2299b32298d3a31692b17e12"
dependencies = [
 "addr2line",
 "cc",
 "cfg-if",
 "libc",
 "miniz_oxide",
 "object",
 "rustc-demangle",
]

[[package]]
name = "bitflags"
version = "1.3.2"
source = "registry+https://github.com/rust-lang/crates.io-index"
checksum = "bef38d45163c2f1dde094a7dfd33ccf595c92905c8f8f4fdc18d06fb1037718a"

[[package]]
name = "cc"
version = "1.0.80"
source = "registry+https://github.com/rust-lang/crates.io-index"
checksum = "51f1226cd9da55587234753d1245dd5b132343ea240f26b6a9003d68706141ba"
dependencies = [
 "libc",
]

[[package]]
name = "cfg-if"
version = "1.0.0"
source = "registry+https://github.com/rust-lang/crates.io-index"
checksum = "baf1de4339761588bc0619e3cbc0120ee582ebb74b53b4efbf79117bd2da40fd"

[[package]]
name = "cmake"
version = "0.1.50"
source = "registry+https://github.com/rust-lang/crates.io-index"
checksum = "a31c789563b815f77f4250caee12365734369f942439b7defd71e18a48197130"
dependencies = [
 "cc",
]

[[package]]
name = "core-foundation"
version = "0.9.3"
source = "registry+https://github.com/rust-lang/crates.io-index"
checksum = "194a7a9e6de53fa55116934067c844d9d749312f75c6f6d0980e8c252f8c2146"
dependencies = [
 "core-foundation-sys",
 "libc",
]

[[package]]
name = "core-foundation-sys"
version = "0.8.4"
source = "registry+https://github.com/rust-lang/crates.io-index"
checksum = "e496a50fda8aacccc86d7529e2c1e0892dbd0f898a6b5645b5561b89c3210efa"

[[package]]
name = "core-graphics"
version = "0.22.3"
source = "registry+https://github.com/rust-lang/crates.io-index"
checksum = "2581bbab3b8ffc6fcbd550bf46c355135d16e9ff2a6ea032ad6b9bf1d7efe4fb"
dependencies = [
 "bitflags",
 "core-foundation",
 "core-graphics-types",
 "foreign-types",
 "libc",
]

[[package]]
name = "core-graphics-types"
version = "0.1.2"
source = "registry+https://github.com/rust-lang/crates.io-index"
checksum = "2bb142d41022986c1d8ff29103a1411c8a3dfad3552f87a4f8dc50d61d4f4e33"
dependencies = [
 "bitflags",
 "core-foundation",
 "libc",
]

[[package]]
name = "core-text"
version = "19.2.0"
source = "registry+https://github.com/rust-lang/crates.io-index"
checksum = "99d74ada66e07c1cefa18f8abfba765b486f250de2e4a999e5727fc0dd4b4a25"
dependencies = [
 "core-foundation",
 "core-graphics",
 "foreign-types",
 "libc",
]

[[package]]
name = "env_logger"
version = "0.8.4"
source = "registry+https://github.com/rust-lang/crates.io-index"
checksum = "a19187fea3ac7e84da7dacf48de0c45d63c6a76f9490dae389aead16c243fce3"
dependencies = [
 "atty",
 "humantime",
 "log",
 "regex",
 "termcolor",
]

[[package]]
name = "expat-sys"
version = "2.1.6"
source = "registry+https://github.com/rust-lang/crates.io-index"
checksum = "658f19728920138342f68408b7cf7644d90d4784353d8ebc32e7e8663dbe45fa"
dependencies = [
 "cmake",
 "pkg-config",
]

[[package]]
name = "failure"
version = "0.1.8"
source = "registry+https://github.com/rust-lang/crates.io-index"
checksum = "d32e9bd16cc02eae7db7ef620b392808b89f6a5e16bb3497d159c6b92a0f4f86"
dependencies = [
 "backtrace",
 "failure_derive",
]

[[package]]
name = "failure_derive"
version = "0.1.8"
source = "registry+https://github.com/rust-lang/crates.io-index"
checksum = "aa4da3c766cd7a0db8242e326e9e4e081edd567072893ed320008189715366a4"
dependencies = [
 "proc-macro2",
 "quote",
 "syn 1.0.109",
 "synstructure",
]

[[package]]
name = "font-loader"
version = "0.11.0"
source = "registry+https://github.com/rust-lang/crates.io-index"
checksum = "c49d6b4c11dca1a1dd931a34a9f397e2da91abe3de4110505f3530a80e560b52"
dependencies = [
 "core-foundation",
 "core-text",
 "libc",
 "servo-fontconfig",
 "winapi",
]

[[package]]
name = "foreign-types"
version = "0.3.2"
source = "registry+https://github.com/rust-lang/crates.io-index"
checksum = "f6f339eb8adc052cd2ca78910fda869aefa38d22d5cb648e6485e4d3fc06f3b1"
dependencies = [
 "foreign-types-shared",
]

[[package]]
name = "foreign-types-shared"
version = "0.1.1"
source = "registry+https://github.com/rust-lang/crates.io-index"
checksum = "00b0228411908ca8685dba7fc2cdd70ec9990a6e753e89b6ac91a84c40fbaf4b"

[[package]]
name = "freetype-sys"
version = "0.13.1"
source = "registry+https://github.com/rust-lang/crates.io-index"
checksum = "a37d4011c0cc628dfa766fcc195454f4b068d7afdc2adfd28861191d866e731a"
dependencies = [
 "cmake",
 "libc",
 "pkg-config",
]

[[package]]
name = "gimli"
version = "0.27.3"
source = "registry+https://github.com/rust-lang/crates.io-index"
checksum = "b6c80984affa11d98d1b88b66ac8853f143217b399d3c74116778ff8fdb4ed2e"

[[package]]
name = "hermit-abi"
version = "0.1.19"
source = "registry+https://github.com/rust-lang/crates.io-index"
checksum = "62b467343b94ba476dcb2500d242dadbb39557df889310ac77c5d99100aaac33"
dependencies = [
 "libc",
]

[[package]]
name = "humantime"
version = "2.1.0"
source = "registry+https://github.com/rust-lang/crates.io-index"
checksum = "9a3a5bfb195931eeb336b2a7b4d761daec841b97f947d34394601737a7bba5e4"

[[package]]
name = "lazy_static"
version = "1.4.0"
source = "registry+https://github.com/rust-lang/crates.io-index"
checksum = "e2abad23fbc42b3700f2f279844dc832adb2b2eb069b2df918f455c4e18cc646"

[[package]]
name = "libc"
version = "0.2.147"
source = "registry+https://github.com/rust-lang/crates.io-index"
checksum = "b4668fb0ea861c1df094127ac5f1da3409a82116a4ba74fca2e58ef927159bb3"

[[package]]
name = "log"
version = "0.4.19"
source = "registry+https://github.com/rust-lang/crates.io-index"
checksum = "b06a4cde4c0f271a446782e3eff8de789548ce57dbc8eca9292c27f4a42004b4"

[[package]]
name = "memchr"
version = "2.5.0"
source = "registry+https://github.com/rust-lang/crates.io-index"
checksum = "2dffe52ecf27772e601905b7522cb4ef790d2cc203488bbd0e2fe85fcb74566d"

[[package]]
name = "miniz_oxide"
version = "0.7.1"
source = "registry+https://github.com/rust-lang/crates.io-index"
checksum = "e7810e0be55b428ada41041c41f32c9f1a42817901b4ccf45fa3d4b6561e74c7"
dependencies = [
 "adler",
]

[[package]]
name = "object"
version = "0.31.1"
source = "registry+https://github.com/rust-lang/crates.io-index"
checksum = "8bda667d9f2b5051b8833f59f3bf748b28ef54f850f4fcb389a252aa383866d1"
dependencies = [
 "memchr",
]

[[package]]
name = "orbclient"
version = "0.3.46"
source = "registry+https://github.com/rust-lang/crates.io-index"
checksum = "8378ac0dfbd4e7895f2d2c1f1345cab3836910baf3a300b000d04250f0c8428f"
dependencies = [
 "libc",
 "redox_syscall 0.3.5",
 "sdl2",
 "sdl2-sys",
]

[[package]]
name = "orbfont"
version = "0.1.12"
source = "registry+https://github.com/rust-lang/crates.io-index"
checksum = "fe433418f793feebe362f5dff3110a5de5a8e55c4605aec75dddc4ec3e708aa1"
dependencies = [
 "font-loader",
 "orbclient",
 "rusttype",
]

[[package]]
name = "orbterm"
version = "0.3.6"
dependencies = [
 "env_logger",
 "failure",
 "libc",
 "orbclient",
 "orbfont",
 "ransid",
 "redox_syscall 0.2.16",
 "redox_termios",
 "serde",
 "serde_derive",
 "toml",
 "xdg",
]

[[package]]
name = "owned_ttf_parser"
version = "0.15.2"
source = "registry+https://github.com/rust-lang/crates.io-index"
checksum = "05e6affeb1632d6ff6a23d2cd40ffed138e82f1532571a26f527c8a284bb2fbb"
dependencies = [
 "ttf-parser",
]

[[package]]
name = "pkg-config"
version = "0.3.27"
source = "registry+https://github.com/rust-lang/crates.io-index"
checksum = "26072860ba924cbfa98ea39c8c19b4dd6a4a25423dbdf219c1eca91aa0cf6964"

[[package]]
name = "proc-macro2"
version = "1.0.66"
source = "registry+https://github.com/rust-lang/crates.io-index"
checksum = "18fb31db3f9bddb2ea821cde30a9f70117e3f119938b5ee630b7403aa6e2ead9"
dependencies = [
 "unicode-ident",
]

[[package]]
name = "quote"
version = "1.0.32"
source = "registry+https://github.com/rust-lang/crates.io-index"
checksum = "50f3b39ccfb720540debaa0164757101c08ecb8d326b15358ce76a62c7e85965"
dependencies = [
 "proc-macro2",
]

[[package]]
name = "ransid"
version = "0.5.0"
source = "registry+https://github.com/rust-lang/crates.io-index"
checksum = "4198bb367e127d4a5f1ed58c4c8c4d49221147eeb0073471008582cbabdffab5"
dependencies = [
 "log",
 "vte",
]

[[package]]
name = "redox_syscall"
version = "0.2.16"
source = "registry+https://github.com/rust-lang/crates.io-index"
checksum = "fb5a58c1855b4b6819d59012155603f0b22ad30cad752600aadfcb695265519a"
dependencies = [
 "bitflags",
]

[[package]]
name = "redox_syscall"
version = "0.3.5"
source = "registry+https://github.com/rust-lang/crates.io-index"
checksum = "567664f262709473930a4bf9e51bf2ebf3348f2e748ccc50dea20646858f8f29"
dependencies = [
 "bitflags",
]

[[package]]
name = "redox_termios"
version = "0.1.2"
source = "registry+https://github.com/rust-lang/crates.io-index"
checksum = "8440d8acb4fd3d277125b4bd01a6f38aee8d814b3b5fc09b3f2b825d37d3fe8f"
dependencies = [
 "redox_syscall 0.2.16",
]

[[package]]
name = "regex"
version = "1.9.1"
source = "registry+https://github.com/rust-lang/crates.io-index"
checksum = "b2eae68fc220f7cf2532e4494aded17545fce192d59cd996e0fe7887f4ceb575"
dependencies = [
 "aho-corasick",
 "memchr",
 "regex-automata",
 "regex-syntax",
]

[[package]]
name = "regex-automata"
version = "0.3.4"
source = "registry+https://github.com/rust-lang/crates.io-index"
checksum = "b7b6d6190b7594385f61bd3911cd1be99dfddcfc365a4160cc2ab5bff4aed294"
dependencies = [
 "aho-corasick",
 "memchr",
 "regex-syntax",
]

[[package]]
name = "regex-syntax"
version = "0.7.4"
source = "registry+https://github.com/rust-lang/crates.io-index"
checksum = "e5ea92a5b6195c6ef2a0295ea818b312502c6fc94dde986c5553242e18fd4ce2"

[[package]]
name = "rustc-demangle"
version = "0.1.23"
source = "registry+https://github.com/rust-lang/crates.io-index"
checksum = "d626bb9dae77e28219937af045c257c28bfd3f69333c512553507f5f9798cb76"

[[package]]
name = "rusttype"
version = "0.9.3"
source = "registry+https://github.com/rust-lang/crates.io-index"
checksum = "3ff8374aa04134254b7995b63ad3dc41c7f7236f69528b28553da7d72efaa967"
dependencies = [
 "ab_glyph_rasterizer",
 "owned_ttf_parser",
]

[[package]]
name = "sdl2"
version = "0.35.2"
source = "registry+https://github.com/rust-lang/crates.io-index"
checksum = "f7959277b623f1fb9e04aea73686c3ca52f01b2145f8ea16f4ff30d8b7623b1a"
dependencies = [
 "bitflags",
 "lazy_static",
 "libc",
 "sdl2-sys",
]

[[package]]
name = "sdl2-sys"
version = "0.35.2"
source = "registry+https://github.com/rust-lang/crates.io-index"
checksum = "e3586be2cf6c0a8099a79a12b4084357aa9b3e0b0d7980e3b67aaf7a9d55f9f0"
dependencies = [
 "cfg-if",
 "cmake",
 "libc",
 "version-compare",
]

[[package]]
name = "serde"
version = "1.0.180"
source = "registry+https://github.com/rust-lang/crates.io-index"
checksum = "0ea67f183f058fe88a4e3ec6e2788e003840893b91bac4559cabedd00863b3ed"

[[package]]
name = "serde_derive"
version = "1.0.180"
source = "registry+https://github.com/rust-lang/crates.io-index"
checksum = "24e744d7782b686ab3b73267ef05697159cc0e5abbed3f47f9933165e5219036"
dependencies = [
 "proc-macro2",
 "quote",
 "syn 2.0.28",
]

[[package]]
name = "servo-fontconfig"
version = "0.5.1"
source = "registry+https://github.com/rust-lang/crates.io-index"
checksum = "c7e3e22fe5fd73d04ebf0daa049d3efe3eae55369ce38ab16d07ddd9ac5c217c"
dependencies = [
 "libc",
 "servo-fontconfig-sys",
]

[[package]]
name = "servo-fontconfig-sys"
version = "5.1.0"
source = "registry+https://github.com/rust-lang/crates.io-index"
checksum = "e36b879db9892dfa40f95da1c38a835d41634b825fbd8c4c418093d53c24b388"
dependencies = [
 "expat-sys",
 "freetype-sys",
 "pkg-config",
]

[[package]]
name = "syn"
version = "1.0.109"
source = "registry+https://github.com/rust-lang/crates.io-index"
checksum = "72b64191b275b66ffe2469e8af2c1cfe3bafa67b529ead792a6d0160888b4237"
dependencies = [
 "proc-macro2",
 "quote",
 "unicode-ident",
]

[[package]]
name = "syn"
version = "2.0.28"
source = "registry+https://github.com/rust-lang/crates.io-index"
checksum = "04361975b3f5e348b2189d8dc55bc942f278b2d482a6a0365de5bdd62d351567"
dependencies = [
 "proc-macro2",
 "quote",
 "unicode-ident",
]

[[package]]
name = "synstructure"
version = "0.12.6"
source = "registry+https://github.com/rust-lang/crates.io-index"
checksum = "f36bdaa60a83aca3921b5259d5400cbf5e90fc51931376a9bd4a0eb79aa7210f"
dependencies = [
 "proc-macro2",
 "quote",
 "syn 1.0.109",
 "unicode-xid",
]

[[package]]
name = "termcolor"
version = "1.2.0"
source = "registry+https://github.com/rust-lang/crates.io-index"
checksum = "be55cf8942feac5c765c2c993422806843c9a9a45d4d5c407ad6dd2ea95eb9b6"
dependencies = [
 "winapi-util",
]

[[package]]
name = "toml"
version = "0.5.11"
source = "registry+https://github.com/rust-lang/crates.io-index"
checksum = "f4f7f0dd8d50a853a531c426359045b1998f04219d88799810762cd4ad314234"
dependencies = [
 "serde",
]

[[package]]
name = "ttf-parser"
version = "0.15.2"
source = "registry+https://github.com/rust-lang/crates.io-index"
checksum = "7b3e06c9b9d80ed6b745c7159c40b311ad2916abb34a49e9be2653b90db0d8dd"

[[package]]
name = "unicode-ident"
version = "1.0.11"
source = "registry+https://github.com/rust-lang/crates.io-index"
checksum = "301abaae475aa91687eb82514b328ab47a211a533026cb25fc3e519b86adfc3c"

[[package]]
name = "unicode-xid"
version = "0.2.4"
source = "registry+https://github.com/rust-lang/crates.io-index"
checksum = "f962df74c8c05a667b5ee8bcf162993134c104e96440b663c8daa176dc772d8c"

[[package]]
name = "utf8parse"
version = "0.2.1"
source = "registry+https://github.com/rust-lang/crates.io-index"
checksum = "711b9620af191e0cdc7468a8d14e709c3dcdb115b36f838e601583af800a370a"

[[package]]
name = "version-compare"
version = "0.1.1"
source = "registry+https://github.com/rust-lang/crates.io-index"
checksum = "579a42fc0b8e0c63b76519a339be31bed574929511fa53c1a3acae26eb258f29"

[[package]]
name = "vte"
version = "0.8.0"
source = "registry+https://github.com/rust-lang/crates.io-index"
checksum = "96cc8a191608603611e78c6ec11dafef37e3cca0775aeef1931824753e81711d"
dependencies = [
 "arrayvec",
 "utf8parse",
 "vte_generate_state_changes",
]

[[package]]
name = "vte_generate_state_changes"
version = "0.1.1"
source = "registry+https://github.com/rust-lang/crates.io-index"
checksum = "d257817081c7dffcdbab24b9e62d2def62e2ff7d00b1c20062551e6cccc145ff"
dependencies = [
 "proc-macro2",
 "quote",
]

[[package]]
name = "winapi"
version = "0.3.9"
source = "registry+https://github.com/rust-lang/crates.io-index"
checksum = "5c839a674fcd7a98952e593242ea400abe93992746761e38641405d28b00f419"
dependencies = [
 "winapi-i686-pc-windows-gnu",
 "winapi-x86_64-pc-windows-gnu",
]

[[package]]
name = "winapi-i686-pc-windows-gnu"
version = "0.4.0"
source = "registry+https://github.com/rust-lang/crates.io-index"
checksum = "ac3b87c63620426dd9b991e5ce0329eff545bccbbb34f3be09ff6fb6ab51b7b6"

[[package]]
name = "winapi-util"
version = "0.1.5"
source = "registry+https://github.com/rust-lang/crates.io-index"
checksum = "70ec6ce85bb158151cae5e5c87f95a8e97d2c0c4b001223f33a334e3ce5de178"
dependencies = [
 "winapi",
]

[[package]]
name = "winapi-x86_64-pc-windows-gnu"
version = "0.4.0"
source = "registry+https://github.com/rust-lang/crates.io-index"
checksum = "712e227841d057c1ee1cd2fb22fa7e5a5461ae8e48fa2ca79ec42cfc1931183f"

[[package]]
name = "xdg"
version = "2.5.2"
source = "registry+https://github.com/rust-lang/crates.io-index"
checksum = "213b7324336b53d2414b2db8537e56544d981803139155afa84f76eeebb7a546"
